
Microsoft Visual Studio Solution File, Format Version 12.00
# Visual Studio Version 16
VisualStudioVersion = 16.0.30225.117
MinimumVisualStudioVersion = 10.0.40219.1
Project("{FAE04EC0-301F-11D3-BF4B-00C04F79EFBC}") = "PursiXApi", "PursiXApi.csproj", "{15639F43-4B4C-4B5C-B9E8-3F124ABC8B57}"
EndProject
Global
	GlobalSection(SolutionConfigurationPlatforms) = preSolution
		Debug|Any CPU = Debug|Any CPU
		Release|Any CPU = Release|Any CPU
	EndGlobalSection
	GlobalSection(ProjectConfigurationPlatforms) = postSolution
		{15639F43-4B4C-4B5C-B9E8-3F124ABC8B57}.Debug|Any CPU.ActiveCfg = Debug|Any CPU
		{15639F43-4B4C-4B5C-B9E8-3F124ABC8B57}.Debug|Any CPU.Build.0 = Debug|Any CPU
		{15639F43-4B4C-4B5C-B9E8-3F124ABC8B57}.Release|Any CPU.ActiveCfg = Release|Any CPU
		{15639F43-4B4C-4B5C-B9E8-3F124ABC8B57}.Release|Any CPU.Build.0 = Release|Any CPU
	EndGlobalSection
	GlobalSection(SolutionProperties) = preSolution
		HideSolutionNode = FALSE
	EndGlobalSection
	GlobalSection(ExtensibilityGlobals) = postSolution
		SolutionGuid = {EE995864-AA05-4514-BD2E-CF16A637238B}
	EndGlobalSection
EndGlobal
